
Microsoft Visual Studio Solution File, Format Version 12.00
# Visual Studio Version 17
VisualStudioVersion = 17.3.32922.545
MinimumVisualStudioVersion = 10.0.40219.1
Project("{FAE04EC0-301F-11D3-BF4B-00C04F79EFBC}") = "JoystickClient", "JoystickClient\JoystickClient.csproj", "{FA15CBD3-6DFB-49D0-9475-075D9D07BB17}"
EndProject
Project("{FAE04EC0-301F-11D3-BF4B-00C04F79EFBC}") = "JoystickClient.Tests", "JoystickClient.Tests\JoystickClient.Tests.csproj", "{A9082AFE-6442-438D-B993-1B4BDC2AD385}"
EndProject
Global
	GlobalSection(SolutionConfigurationPlatforms) = preSolution
		Debug|Any CPU = Debug|Any CPU
		Release|Any CPU = Release|Any CPU
	EndGlobalSection
	GlobalSection(ProjectConfigurationPlatforms) = postSolution
		{FA15CBD3-6DFB-49D0-9475-075D9D07BB17}.Debug|Any CPU.ActiveCfg = Debug|Any CPU
		{FA15CBD3-6DFB-49D0-9475-075D9D07BB17}.Debug|Any CPU.Build.0 = Debug|Any CPU
		{FA15CBD3-6DFB-49D0-9475-075D9D07BB17}.Release|Any CPU.ActiveCfg = Release|Any CPU
		{FA15CBD3-6DFB-49D0-9475-075D9D07BB17}.Release|Any CPU.Build.0 = Release|Any CPU
		{A9082AFE-6442-438D-B993-1B4BDC2AD385}.Debug|Any CPU.ActiveCfg = Debug|Any CPU
		{A9082AFE-6442-438D-B993-1B4BDC2AD385}.Debug|Any CPU.Build.0 = Debug|Any CPU
		{A9082AFE-6442-438D-B993-1B4BDC2AD385}.Release|Any CPU.ActiveCfg = Release|Any CPU
		{A9082AFE-6442-438D-B993-1B4BDC2AD385}.Release|Any CPU.Build.0 = Release|Any CPU
	EndGlobalSection
	GlobalSection(SolutionProperties) = preSolution
		HideSolutionNode = FALSE
	EndGlobalSection
	GlobalSection(ExtensibilityGlobals) = postSolution
		SolutionGuid = {F5952FEC-E49D-4C05-A6E7-05FB4537D6FE}
	EndGlobalSection
EndGlobal
